Microsoft Visual Studio Solution File, Format Version 12.00
# Visual Studio Version 17
VisualStudioVersion = 17.5.2.0
MinimumVisualStudioVersion = 10.0.40219.1
Project("{2150E333-8FDC-42A3-9474-1A3956D46DE8}") = "PSBS.AccountServiceApiSolution", "PSBS.AccountServiceApiSolution", "{6522A6DF-3AF0-C1CC-B3F6-E11D11478FD9}"
EndProject
Project("{2150E333-8FDC-42A3-9474-1A3956D46DE8}") = "PSBS.ApiGatewaySolution", "PSBS.ApiGatewaySolution", "{1E9E25C2-EB65-4E32-401A-6EC2418C42FC}"
EndProject
Project("{2150E333-8FDC-42A3-9474-1A3956D46DE8}") = "PSBS.ChatServiceApiSolution", "PSBS.ChatServiceApiSolution", "{9D50D3A5-77AD-C0BE-4F49-4E6DB5E355A0}"
EndProject
Project("{2150E333-8FDC-42A3-9474-1A3956D46DE8}") = "PSBS.FacilityServiceApiSolution", "PSBS.FacilityServiceApiSolution", "{A04D2F68-3E34-7DCF-D095-3EE63463D1F4}"
EndProject
Project("{2150E333-8FDC-42A3-9474-1A3956D46DE8}") = "PSBS.HealthCareServiceApiSolution", "PSBS.HealthCareServiceApiSolution", "{49C7891C-A14C-BC75-AE18-286CA9ED00F1}"
EndProject
Project("{2150E333-8FDC-42A3-9474-1A3956D46DE8}") = "PSBS.PetServiceApiSolution", "PSBS.PetServiceApiSolution", "{A57AF86F-0AC9-C336-7F4F-F1002D43E70A}"
EndProject
Project("{2150E333-8FDC-42A3-9474-1A3956D46DE8}") = "PSBS.ReservationServiceApiSolution", "PSBS.ReservationServiceApiSolution", "{6565A5DA-FB19-12CC-D3EC-95A335BCBB5A}"
EndProject
Project("{2150E333-8FDC-42A3-9474-1A3956D46DE8}") = "PSBS.RewardServiceApiSolution", "PSBS.RewardServiceApiSolution", "{E3E37500-CEDB-7C98-5C97-D4C157A875BB}"
EndProject
Project("{2150E333-8FDC-42A3-9474-1A3956D46DE8}") = "PSBS.SharedLibrarySolution", "PSBS.SharedLibrarySolution", "{4175A4D6-C527-5539-5C96-8F47FE468A19}"
EndProject
Project("{FAE04EC0-301F-11D3-BF4B-00C04F79EFBC}") = "PSPS.AccountAPI.Application", "PSBS.AccountServiceApiSolution\PSPS.AuthenticationAPI.Application\PSPS.AccountAPI.Application.csproj", "{8A129D1F-927B-F738-FC7B-61FD70B27138}"
EndProject
Project("{FAE04EC0-301F-11D3-BF4B-00C04F79EFBC}") = "PSPS.AccountAPI.Domain", "PSBS.AccountServiceApiSolution\PSPS.AuthenticationAPI.Domain\PSPS.AccountAPI.Domain.csproj", "{652E0F16-92C1-F9C0-E986-FC130656700F}"
EndProject
Project("{FAE04EC0-301F-11D3-BF4B-00C04F79EFBC}") = "PSPS.AccountAPI.Infrastructure", "PSBS.AccountServiceApiSolution\PSPS.AuthenticationAPI.Infrastructure\PSPS.AccountAPI.Infrastructure.csproj", "{ADD71113-0440-D0BE-3561-5883A9A1AE36}"
EndProject
Project("{FAE04EC0-301F-11D3-BF4B-00C04F79EFBC}") = "PSPS.AccountAPI.Presentation", "PSBS.AccountServiceApiSolution\PSPS.AuthenticationAPI.Presentation\PSPS.AccountAPI.Presentation.csproj", "{5288EA59-C79C-9BDE-F183-8BED99018E07}"
EndProject
Project("{FAE04EC0-301F-11D3-BF4B-00C04F79EFBC}") = "PSBS.ApiGatewaySolution", "PSBS.ApiGatewaySolution\PSBS.ApiGatewaySolution\PSBS.ApiGatewaySolution.csproj", "{F0017973-6F1C-A001-4AF6-8CAB7A668FDC}"
EndProject
Project("{FAE04EC0-301F-11D3-BF4B-00C04F79EFBC}") = "ChatServiceApi.Application", "PSBS.ChatServiceApiSolution\ChatServiceApi.Application\ChatServiceApi.Application.csproj", "{6265DAD3-FFFD-6994-1C5C-7DCAF58C4062}"
EndProject
Project("{FAE04EC0-301F-11D3-BF4B-00C04F79EFBC}") = "ChatServiceApi.Domain", "PSBS.ChatServiceApiSolution\ChatServiceApi.Domain\ChatServiceApi.Domain.csproj", "{F2810C8D-6150-DD4B-20D8-49D62E22C5C7}"
EndProject
Project("{FAE04EC0-301F-11D3-BF4B-00C04F79EFBC}") = "ChatServiceApi.Infrastructure", "PSBS.ChatServiceApiSolution\ChatServiceApi.Infrastructure\ChatServiceApi.Infrastructure.csproj", "{9FA71836-745F-545F-AD0F-047519F67CCC}"
EndProject
Project("{FAE04EC0-301F-11D3-BF4B-00C04F79EFBC}") = "ChatServiceApi.Presentation", "PSBS.ChatServiceApiSolution\ChatServiceApi.Presentation\ChatServiceApi.Presentation.csproj", "{9BC1266C-1D36-7BE8-9961-15398688B488}"
EndProject
Project("{FAE04EC0-301F-11D3-BF4B-00C04F79EFBC}") = "FacilityServiceApi.Application", "PSBS.FacilityServiceApiSolution\FacilityServiceApi.Application\FacilityServiceApi.Application.csproj", "{1AF785CF-A47B-D978-16FF-7A0340D4D205}"
EndProject
Project("{FAE04EC0-301F-11D3-BF4B-00C04F79EFBC}") = "FacilityServiceApi.Domain", "PSBS.FacilityServiceApiSolution\FacilityServiceApi.Domain\FacilityServiceApi.Domain.csproj", "{F8DACD92-EEBE-28EE-E836-D06C5589E564}"
EndProject
Project("{FAE04EC0-301F-11D3-BF4B-00C04F79EFBC}") = "FacilityServiceApi.Infrastructure", "PSBS.FacilityServiceApiSolution\FacilityServiceApi.Infrastructure\FacilityServiceApi.Infrastructure.csproj", "{8E1E4734-5DC9-0E0B-BAE8-49C8D2A297E3}"
EndProject
Project("{FAE04EC0-301F-11D3-BF4B-00C04F79EFBC}") = "FacilityServiceApi.Presentation", "PSBS.FacilityServiceApiSolution\FacilityServiceApi.Presentation\FacilityServiceApi.Presentation.csproj", "{CA818090-FFE3-A5A3-AE54-D4364F53A1FA}"
EndProject
Project("{FAE04EC0-301F-11D3-BF4B-00C04F79EFBC}") = "PSBS.HealthCareApi.Application", "PSBS.HealthCareServiceApiSolution\PSBS.HealthCareApi.Application\PSBS.HealthCareApi.Application.csproj", "{F1B6720D-FDFF-A3C1-CAD0-77125B593FF5}"
EndProject
Project("{FAE04EC0-301F-11D3-BF4B-00C04F79EFBC}") = "PSBS.HealthCareApi.Domain", "PSBS.HealthCareServiceApiSolution\PSBS.HealthCareApi.Domain\PSBS.HealthCareApi.Domain.csproj", "{98D1B6A9-628A-D45C-2717-133D31028C6D}"
EndProject
Project("{FAE04EC0-301F-11D3-BF4B-00C04F79EFBC}") = "PSBS.HealthCareApi.Infrastructure", "PSBS.HealthCareServiceApiSolution\PSBS.HealthCareApi.Infrastructure\PSBS.HealthCareApi.Infrastructure.csproj", "{D776792A-52CA-E5BB-3CA9-C589042E9D70}"
EndProject
Project("{FAE04EC0-301F-11D3-BF4B-00C04F79EFBC}") = "PSBS.HealthCareApi.Presentation", "PSBS.HealthCareServiceApiSolution\PSBS.HealthCareApi.Presentation\PSBS.HealthCareApi.Presentation.csproj", "{A8296AE3-499E-17C3-D663-5AC4DD857F5E}"
EndProject
Project("{FAE04EC0-301F-11D3-BF4B-00C04F79EFBC}") = "PetApi.Application", "PSBS.PetServiceApiSolution\PetApi.Application\PetApi.Application.csproj", "{84CC5428-64D4-02DA-D059-B9642824AFE1}"
EndProject
Project("{FAE04EC0-301F-11D3-BF4B-00C04F79EFBC}") = "PetApi.Domain", "PSBS.PetServiceApiSolution\PetApi.Domain\PetApi.Domain.csproj", "{4045CD11-491E-1629-FF5E-8AF7CE646E6E}"
EndProject
Project("{FAE04EC0-301F-11D3-BF4B-00C04F79EFBC}") = "PetApi.Infrastructure", "PSBS.PetServiceApiSolution\PetApi.Infrastructure\PetApi.Infrastructure.csproj", "{E8F342AA-81C4-63C4-9D2C-7A2A05F3ED0D}"
EndProject
Project("{FAE04EC0-301F-11D3-BF4B-00C04F79EFBC}") = "PetApi.Presentation", "PSBS.PetServiceApiSolution\PetApi.Presentation\PetApi.Presentation.csproj", "{3A31D8D8-9451-9D70-2E51-D471407D1E0D}"
EndProject
Project("{FAE04EC0-301F-11D3-BF4B-00C04F79EFBC}") = "ReservationApi.Application", "PSBS.ReservationServiceApiSolution\ReservationApi.Application\ReservationApi.Application.csproj", "{5C4DDEFD-7B22-E382-5062-88E42DE9CBDD}"
EndProject
Project("{FAE04EC0-301F-11D3-BF4B-00C04F79EFBC}") = "ReservationApi.Domain", "PSBS.ReservationServiceApiSolution\ReservationApi.Domain\ReservationApi.Domain.csproj", "{2A97A460-7EB2-4AD1-DB36-00B497EF2142}"
EndProject
Project("{FAE04EC0-301F-11D3-BF4B-00C04F79EFBC}") = "ReservationApi.Infrastructure", "PSBS.ReservationServiceApiSolution\ReservationApi.Infrastructure\ReservationApi.Infrastructure.csproj", "{92BBD3EE-5370-DA1D-8D8C-47C9B885D69D}"
EndProject
Project("{FAE04EC0-301F-11D3-BF4B-00C04F79EFBC}") = "ReservationApi.Presentation", "PSBS.ReservationServiceApiSolution\ReservationApi.Presentation\ReservationApi.Presentation.csproj", "{02C1A222-1A7E-061F-70B2-73E7FF30B15D}"
EndProject
Project("{FAE04EC0-301F-11D3-BF4B-00C04F79EFBC}") = "VoucherApi.Application", "PSBS.RewardServiceApiSolution\VoucherApi.Application\VoucherApi.Application.csproj", "{C15147BA-D1BC-360B-7E13-B09FEF0B56EE}"
EndProject
Project("{FAE04EC0-301F-11D3-BF4B-00C04F79EFBC}") = "VoucherApi.Domain", "PSBS.RewardServiceApiSolution\VoucherApi.Domain\VoucherApi.Domain.csproj", "{908B2F6C-E4F3-6189-5B23-4A9548C5B389}"
EndProject
Project("{FAE04EC0-301F-11D3-BF4B-00C04F79EFBC}") = "VoucherApi.Infrastructure", "PSBS.RewardServiceApiSolution\VoucherApi.Infrastructure\VoucherApi.Infrastructure.csproj", "{35D0902E-3A6A-7786-AB45-1EEE6A0EB687}"
EndProject
Project("{FAE04EC0-301F-11D3-BF4B-00C04F79EFBC}") = "VoucherApi.Presentation", "PSBS.RewardServiceApiSolution\VoucherApi.Presentation\VoucherApi.Presentation.csproj", "{10B1A1C9-E8A5-83F2-96A6-147CAC444458}"
EndProject
Project("{FAE04EC0-301F-11D3-BF4B-00C04F79EFBC}") = "PSPS.SharedLibrary", "PSBS.SharedLibrarySolution\PSPS.SharedLibrary\PSPS.SharedLibrary.csproj", "{F003B328-ADD4-0E3E-E1A1-1B3AD75E3342}"
EndProject
Global
	GlobalSection(SolutionConfigurationPlatforms) = preSolution
		Debug|Any CPU = Debug|Any CPU
		Release|Any CPU = Release|Any CPU
	EndGlobalSection
	GlobalSection(ProjectConfigurationPlatforms) = postSolution
		{8A129D1F-927B-F738-FC7B-61FD70B27138}.Debug|Any CPU.ActiveCfg = Debug|Any CPU
		{8A129D1F-927B-F738-FC7B-61FD70B27138}.Debug|Any CPU.Build.0 = Debug|Any CPU
		{8A129D1F-927B-F738-FC7B-61FD70B27138}.Release|Any CPU.ActiveCfg = Release|Any CPU
		{8A129D1F-927B-F738-FC7B-61FD70B27138}.Release|Any CPU.Build.0 = Release|Any CPU
		{652E0F16-92C1-F9C0-E986-FC130656700F}.Debug|Any CPU.ActiveCfg = Debug|Any CPU
		{652E0F16-92C1-F9C0-E986-FC130656700F}.Debug|Any CPU.Build.0 = Debug|Any CPU
		{652E0F16-92C1-F9C0-E986-FC130656700F}.Release|Any CPU.ActiveCfg = Release|Any CPU
		{652E0F16-92C1-F9C0-E986-FC130656700F}.Release|Any CPU.Build.0 = Release|Any CPU
		{ADD71113-0440-D0BE-3561-5883A9A1AE36}.Debug|Any CPU.ActiveCfg = Debug|Any CPU
		{ADD71113-0440-D0BE-3561-5883A9A1AE36}.Debug|Any CPU.Build.0 = Debug|Any CPU
		{ADD71113-0440-D0BE-3561-5883A9A1AE36}.Release|Any CPU.ActiveCfg = Release|Any CPU
		{ADD71113-0440-D0BE-3561-5883A9A1AE36}.Release|Any CPU.Build.0 = Release|Any CPU
		{5288EA59-C79C-9BDE-F183-8BED99018E07}.Debug|Any CPU.ActiveCfg = Debug|Any CPU
		{5288EA59-C79C-9BDE-F183-8BED99018E07}.Debug|Any CPU.Build.0 = Debug|Any CPU
		{5288EA59-C79C-9BDE-F183-8BED99018E07}.Release|Any CPU.ActiveCfg = Release|Any CPU
		{5288EA59-C79C-9BDE-F183-8BED99018E07}.Release|Any CPU.Build.0 = Release|Any CPU
		{F0017973-6F1C-A001-4AF6-8CAB7A668FDC}.Debug|Any CPU.ActiveCfg = Debug|Any CPU
		{F0017973-6F1C-A001-4AF6-8CAB7A668FDC}.Debug|Any CPU.Build.0 = Debug|Any CPU
		{F0017973-6F1C-A001-4AF6-8CAB7A668FDC}.Release|Any CPU.ActiveCfg = Release|Any CPU
		{F0017973-6F1C-A001-4AF6-8CAB7A668FDC}.Release|Any CPU.Build.0 = Release|Any CPU
		{6265DAD3-FFFD-6994-1C5C-7DCAF58C4062}.Debug|Any CPU.ActiveCfg = Debug|Any CPU
		{6265DAD3-FFFD-6994-1C5C-7DCAF58C4062}.Debug|Any CPU.Build.0 = Debug|Any CPU
		{6265DAD3-FFFD-6994-1C5C-7DCAF58C4062}.Release|Any CPU.ActiveCfg = Release|Any CPU
		{6265DAD3-FFFD-6994-1C5C-7DCAF58C4062}.Release|Any CPU.Build.0 = Release|Any CPU
		{F2810C8D-6150-DD4B-20D8-49D62E22C5C7}.Debug|Any CPU.ActiveCfg = Debug|Any CPU
		{F2810C8D-6150-DD4B-20D8-49D62E22C5C7}.Debug|Any CPU.Build.0 = Debug|Any CPU
		{F2810C8D-6150-DD4B-20D8-49D62E22C5C7}.Release|Any CPU.ActiveCfg = Release|Any CPU
		{F2810C8D-6150-DD4B-20D8-49D62E22C5C7}.Release|Any CPU.Build.0 = Release|Any CPU
		{9FA71836-745F-545F-AD0F-047519F67CCC}.Debug|Any CPU.ActiveCfg = Debug|Any CPU
		{9FA71836-745F-545F-AD0F-047519F67CCC}.Debug|Any CPU.Build.0 = Debug|Any CPU
		{9FA71836-745F-545F-AD0F-047519F67CCC}.Release|Any CPU.ActiveCfg = Release|Any CPU
		{9FA71836-745F-545F-AD0F-047519F67CCC}.Release|Any CPU.Build.0 = Release|Any CPU
		{9BC1266C-1D36-7BE8-9961-15398688B488}.Debug|Any CPU.ActiveCfg = Debug|Any CPU
		{9BC1266C-1D36-7BE8-9961-15398688B488}.Debug|Any CPU.Build.0 = Debug|Any CPU
		{9BC1266C-1D36-7BE8-9961-15398688B488}.Release|Any CPU.ActiveCfg = Release|Any CPU
		{9BC1266C-1D36-7BE8-9961-15398688B488}.Release|Any CPU.Build.0 = Release|Any CPU
		{1AF785CF-A47B-D978-16FF-7A0340D4D205}.Debug|Any CPU.ActiveCfg = Debug|Any CPU
		{1AF785CF-A47B-D978-16FF-7A0340D4D205}.Debug|Any CPU.Build.0 = Debug|Any CPU
		{1AF785CF-A47B-D978-16FF-7A0340D4D205}.Release|Any CPU.ActiveCfg = Release|Any CPU
		{1AF785CF-A47B-D978-16FF-7A0340D4D205}.Release|Any CPU.Build.0 = Release|Any CPU
		{F8DACD92-EEBE-28EE-E836-D06C5589E564}.Debug|Any CPU.ActiveCfg = Debug|Any CPU
		{F8DACD92-EEBE-28EE-E836-D06C5589E564}.Debug|Any CPU.Build.0 = Debug|Any CPU
		{F8DACD92-EEBE-28EE-E836-D06C5589E564}.Release|Any CPU.ActiveCfg = Release|Any CPU
		{F8DACD92-EEBE-28EE-E836-D06C5589E564}.Release|Any CPU.Build.0 = Release|Any CPU
		{8E1E4734-5DC9-0E0B-BAE8-49C8D2A297E3}.Debug|Any CPU.ActiveCfg = Debug|Any CPU
		{8E1E4734-5DC9-0E0B-BAE8-49C8D2A297E3}.Debug|Any CPU.Build.0 = Debug|Any CPU
		{8E1E4734-5DC9-0E0B-BAE8-49C8D2A297E3}.Release|Any CPU.ActiveCfg = Release|Any CPU
		{8E1E4734-5DC9-0E0B-BAE8-49C8D2A297E3}.Release|Any CPU.Build.0 = Release|Any CPU
		{CA818090-FFE3-A5A3-AE54-D4364F53A1FA}.Debug|Any CPU.ActiveCfg = Debug|Any CPU
		{CA818090-FFE3-A5A3-AE54-D4364F53A1FA}.Debug|Any CPU.Build.0 = Debug|Any CPU
		{CA818090-FFE3-A5A3-AE54-D4364F53A1FA}.Release|Any CPU.ActiveCfg = Release|Any CPU
		{CA818090-FFE3-A5A3-AE54-D4364F53A1FA}.Release|Any CPU.Build.0 = Release|Any CPU
		{F1B6720D-FDFF-A3C1-CAD0-77125B593FF5}.Debug|Any CPU.ActiveCfg = Debug|Any CPU
		{F1B6720D-FDFF-A3C1-CAD0-77125B593FF5}.Debug|Any CPU.Build.0 = Debug|Any CPU
		{F1B6720D-FDFF-A3C1-CAD0-77125B593FF5}.Release|Any CPU.ActiveCfg = Release|Any CPU
		{F1B6720D-FDFF-A3C1-CAD0-77125B593FF5}.Release|Any CPU.Build.0 = Release|Any CPU
		{98D1B6A9-628A-D45C-2717-133D31028C6D}.Debug|Any CPU.ActiveCfg = Debug|Any CPU
		{98D1B6A9-628A-D45C-2717-133D31028C6D}.Debug|Any CPU.Build.0 = Debug|Any CPU
		{98D1B6A9-628A-D45C-2717-133D31028C6D}.Release|Any CPU.ActiveCfg = Release|Any CPU
		{98D1B6A9-628A-D45C-2717-133D31028C6D}.Release|Any CPU.Build.0 = Release|Any CPU
		{D776792A-52CA-E5BB-3CA9-C589042E9D70}.Debug|Any CPU.ActiveCfg = Debug|Any CPU
		{D776792A-52CA-E5BB-3CA9-C589042E9D70}.Debug|Any CPU.Build.0 = Debug|Any CPU
		{D776792A-52CA-E5BB-3CA9-C589042E9D70}.Release|Any CPU.ActiveCfg = Release|Any CPU
		{D776792A-52CA-E5BB-3CA9-C589042E9D70}.Release|Any CPU.Build.0 = Release|Any CPU
		{A8296AE3-499E-17C3-D663-5AC4DD857F5E}.Debug|Any CPU.ActiveCfg = Debug|Any CPU
		{A8296AE3-499E-17C3-D663-5AC4DD857F5E}.Debug|Any CPU.Build.0 = Debug|Any CPU
		{A8296AE3-499E-17C3-D663-5AC4DD857F5E}.Release|Any CPU.ActiveCfg = Release|Any CPU
		{A8296AE3-499E-17C3-D663-5AC4DD857F5E}.Release|Any CPU.Build.0 = Release|Any CPU
		{84CC5428-64D4-02DA-D059-B9642824AFE1}.Debug|Any CPU.ActiveCfg = Debug|Any CPU
		{84CC5428-64D4-02DA-D059-B9642824AFE1}.Debug|Any CPU.Build.0 = Debug|Any CPU
		{84CC5428-64D4-02DA-D059-B9642824AFE1}.Release|Any CPU.ActiveCfg = Release|Any CPU
		{84CC5428-64D4-02DA-D059-B9642824AFE1}.Release|Any CPU.Build.0 = Release|Any CPU
		{4045CD11-491E-1629-FF5E-8AF7CE646E6E}.Debug|Any CPU.ActiveCfg = Debug|Any CPU
		{4045CD11-491E-1629-FF5E-8AF7CE646E6E}.Debug|Any CPU.Build.0 = Debug|Any CPU
		{4045CD11-491E-1629-FF5E-8AF7CE646E6E}.Release|Any CPU.ActiveCfg = Release|Any CPU
		{4045CD11-491E-1629-FF5E-8AF7CE646E6E}.Release|Any CPU.Build.0 = Release|Any CPU
		{E8F342AA-81C4-63C4-9D2C-7A2A05F3ED0D}.Debug|Any CPU.ActiveCfg = Debug|Any CPU
		{E8F342AA-81C4-63C4-9D2C-7A2A05F3ED0D}.Debug|Any CPU.Build.0 = Debug|Any CPU
		{E8F342AA-81C4-63C4-9D2C-7A2A05F3ED0D}.Release|Any CPU.ActiveCfg = Release|Any CPU
		{E8F342AA-81C4-63C4-9D2C-7A2A05F3ED0D}.Release|Any CPU.Build.0 = Release|Any CPU
		{3A31D8D8-9451-9D70-2E51-D471407D1E0D}.Debug|Any CPU.ActiveCfg = Debug|Any CPU
		{3A31D8D8-9451-9D70-2E51-D471407D1E0D}.Debug|Any CPU.Build.0 = Debug|Any CPU
		{3A31D8D8-9451-9D70-2E51-D471407D1E0D}.Release|Any CPU.ActiveCfg = Release|Any CPU
		{3A31D8D8-9451-9D70-2E51-D471407D1E0D}.Release|Any CPU.Build.0 = Release|Any CPU
		{5C4DDEFD-7B22-E382-5062-88E42DE9CBDD}.Debug|Any CPU.ActiveCfg = Debug|Any CPU
		{5C4DDEFD-7B22-E382-5062-88E42DE9CBDD}.Debug|Any CPU.Build.0 = Debug|Any CPU
		{5C4DDEFD-7B22-E382-5062-88E42DE9CBDD}.Release|Any CPU.ActiveCfg = Release|Any CPU
		{5C4DDEFD-7B22-E382-5062-88E42DE9CBDD}.Release|Any CPU.Build.0 = Release|Any CPU
		{2A97A460-7EB2-4AD1-DB36-00B497EF2142}.Debug|Any CPU.ActiveCfg = Debug|Any CPU
		{2A97A460-7EB2-4AD1-DB36-00B497EF2142}.Debug|Any CPU.Build.0 = Debug|Any CPU
		{2A97A460-7EB2-4AD1-DB36-00B497EF2142}.Release|Any CPU.ActiveCfg = Release|Any CPU
		{2A97A460-7EB2-4AD1-DB36-00B497EF2142}.Release|Any CPU.Build.0 = Release|Any CPU
		{92BBD3EE-5370-DA1D-8D8C-47C9B885D69D}.Debug|Any CPU.ActiveCfg = Debug|Any CPU
		{92BBD3EE-5370-DA1D-8D8C-47C9B885D69D}.Debug|Any CPU.Build.0 = Debug|Any CPU
		{92BBD3EE-5370-DA1D-8D8C-47C9B885D69D}.Release|Any CPU.ActiveCfg = Release|Any CPU
		{92BBD3EE-5370-DA1D-8D8C-47C9B885D69D}.Release|Any CPU.Build.0 = Release|Any CPU
		{02C1A222-1A7E-061F-70B2-73E7FF30B15D}.Debug|Any CPU.ActiveCfg = Debug|Any CPU
		{02C1A222-1A7E-061F-70B2-73E7FF30B15D}.Debug|Any CPU.Build.0 = Debug|Any CPU
		{02C1A222-1A7E-061F-70B2-73E7FF30B15D}.Release|Any CPU.ActiveCfg = Release|Any CPU
		{02C1A222-1A7E-061F-70B2-73E7FF30B15D}.Release|Any CPU.Build.0 = Release|Any CPU
		{C15147BA-D1BC-360B-7E13-B09FEF0B56EE}.Debug|Any CPU.ActiveCfg = Debug|Any CPU
		{C15147BA-D1BC-360B-7E13-B09FEF0B56EE}.Debug|Any CPU.Build.0 = Debug|Any CPU
		{C15147BA-D1BC-360B-7E13-B09FEF0B56EE}.Release|Any CPU.ActiveCfg = Release|Any CPU
		{C15147BA-D1BC-360B-7E13-B09FEF0B56EE}.Release|Any CPU.Build.0 = Release|Any CPU
		{908B2F6C-E4F3-6189-5B23-4A9548C5B389}.Debug|Any CPU.ActiveCfg = Debug|Any CPU
		{908B2F6C-E4F3-6189-5B23-4A9548C5B389}.Debug|Any CPU.Build.0 = Debug|Any CPU
		{908B2F6C-E4F3-6189-5B23-4A9548C5B389}.Release|Any CPU.ActiveCfg = Release|Any CPU
		{908B2F6C-E4F3-6189-5B23-4A9548C5B389}.Release|Any CPU.Build.0 = Release|Any CPU
		{35D0902E-3A6A-7786-AB45-1EEE6A0EB687}.Debug|Any CPU.ActiveCfg = Debug|Any CPU
		{35D0902E-3A6A-7786-AB45-1EEE6A0EB687}.Debug|Any CPU.Build.0 = Debug|Any CPU
		{35D0902E-3A6A-7786-AB45-1EEE6A0EB687}.Release|Any CPU.ActiveCfg = Release|Any CPU
		{35D0902E-3A6A-7786-AB45-1EEE6A0EB687}.Release|Any CPU.Build.0 = Release|Any CPU
		{10B1A1C9-E8A5-83F2-96A6-147CAC444458}.Debug|Any CPU.ActiveCfg = Debug|Any CPU
		{10B1A1C9-E8A5-83F2-96A6-147CAC444458}.Debug|Any CPU.Build.0 = Debug|Any CPU
		{10B1A1C9-E8A5-83F2-96A6-147CAC444458}.Release|Any CPU.ActiveCfg = Release|Any CPU
		{10B1A1C9-E8A5-83F2-96A6-147CAC444458}.Release|Any CPU.Build.0 = Release|Any CPU
		{F003B328-ADD4-0E3E-E1A1-1B3AD75E3342}.Debug|Any CPU.ActiveCfg = Debug|Any CPU
		{F003B328-ADD4-0E3E-E1A1-1B3AD75E3342}.Debug|Any CPU.Build.0 = Debug|Any CPU
		{F003B328-ADD4-0E3E-E1A1-1B3AD75E3342}.Release|Any CPU.ActiveCfg = Release|Any CPU
		{F003B328-ADD4-0E3E-E1A1-1B3AD75E3342}.Release|Any CPU.Build.0 = Release|Any CPU
	EndGlobalSection
	GlobalSection(SolutionProperties) = preSolution
		HideSolutionNode = FALSE
	EndGlobalSection
	GlobalSection(NestedProjects) = preSolution
		{8A129D1F-927B-F738-FC7B-61FD70B27138} = {6522A6DF-3AF0-C1CC-B3F6-E11D11478FD9}
		{652E0F16-92C1-F9C0-E986-FC130656700F} = {6522A6DF-3AF0-C1CC-B3F6-E11D11478FD9}
		{ADD71113-0440-D0BE-3561-5883A9A1AE36} = {6522A6DF-3AF0-C1CC-B3F6-E11D11478FD9}
		{5288EA59-C79C-9BDE-F183-8BED99018E07} = {6522A6DF-3AF0-C1CC-B3F6-E11D11478FD9}
		{F0017973-6F1C-A001-4AF6-8CAB7A668FDC} = {1E9E25C2-EB65-4E32-401A-6EC2418C42FC}
		{6265DAD3-FFFD-6994-1C5C-7DCAF58C4062} = {9D50D3A5-77AD-C0BE-4F49-4E6DB5E355A0}
		{F2810C8D-6150-DD4B-20D8-49D62E22C5C7} = {9D50D3A5-77AD-C0BE-4F49-4E6DB5E355A0}
		{9FA71836-745F-545F-AD0F-047519F67CCC} = {9D50D3A5-77AD-C0BE-4F49-4E6DB5E355A0}
		{9BC1266C-1D36-7BE8-9961-15398688B488} = {9D50D3A5-77AD-C0BE-4F49-4E6DB5E355A0}
		{1AF785CF-A47B-D978-16FF-7A0340D4D205} = {A04D2F68-3E34-7DCF-D095-3EE63463D1F4}
		{F8DACD92-EEBE-28EE-E836-D06C5589E564} = {A04D2F68-3E34-7DCF-D095-3EE63463D1F4}
		{8E1E4734-5DC9-0E0B-BAE8-49C8D2A297E3} = {A04D2F68-3E34-7DCF-D095-3EE63463D1F4}
		{CA818090-FFE3-A5A3-AE54-D4364F53A1FA} = {A04D2F68-3E34-7DCF-D095-3EE63463D1F4}
		{F1B6720D-FDFF-A3C1-CAD0-77125B593FF5} = {49C7891C-A14C-BC75-AE18-286CA9ED00F1}
		{98D1B6A9-628A-D45C-2717-133D31028C6D} = {49C7891C-A14C-BC75-AE18-286CA9ED00F1}
		{D776792A-52CA-E5BB-3CA9-C589042E9D70} = {49C7891C-A14C-BC75-AE18-286CA9ED00F1}
		{A8296AE3-499E-17C3-D663-5AC4DD857F5E} = {49C7891C-A14C-BC75-AE18-286CA9ED00F1}
		{84CC5428-64D4-02DA-D059-B9642824AFE1} = {A57AF86F-0AC9-C336-7F4F-F1002D43E70A}
		{4045CD11-491E-1629-FF5E-8AF7CE646E6E} = {A57AF86F-0AC9-C336-7F4F-F1002D43E70A}
		{E8F342AA-81C4-63C4-9D2C-7A2A05F3ED0D} = {A57AF86F-0AC9-C336-7F4F-F1002D43E70A}
		{3A31D8D8-9451-9D70-2E51-D471407D1E0D} = {A57AF86F-0AC9-C336-7F4F-F1002D43E70A}
		{5C4DDEFD-7B22-E382-5062-88E42DE9CBDD} = {6565A5DA-FB19-12CC-D3EC-95A335BCBB5A}
		{2A97A460-7EB2-4AD1-DB36-00B497EF2142} = {6565A5DA-FB19-12CC-D3EC-95A335BCBB5A}
		{92BBD3EE-5370-DA1D-8D8C-47C9B885D69D} = {6565A5DA-FB19-12CC-D3EC-95A335BCBB5A}
		{02C1A222-1A7E-061F-70B2-73E7FF30B15D} = {6565A5DA-FB19-12CC-D3EC-95A335BCBB5A}
		{C15147BA-D1BC-360B-7E13-B09FEF0B56EE} = {E3E37500-CEDB-7C98-5C97-D4C157A875BB}
		{908B2F6C-E4F3-6189-5B23-4A9548C5B389} = {E3E37500-CEDB-7C98-5C97-D4C157A875BB}
		{35D0902E-3A6A-7786-AB45-1EEE6A0EB687} = {E3E37500-CEDB-7C98-5C97-D4C157A875BB}
		{10B1A1C9-E8A5-83F2-96A6-147CAC444458} = {E3E37500-CEDB-7C98-5C97-D4C157A875BB}
		{F003B328-ADD4-0E3E-E1A1-1B3AD75E3342} = {4175A4D6-C527-5539-5C96-8F47FE468A19}
	EndGlobalSection
	GlobalSection(ExtensibilityGlobals) = postSolution
		SolutionGuid = {6A595A04-65CB-44EA-9FFB-731CDED94D94}
	EndGlobalSection
EndGlobal
