
Microsoft Visual Studio Solution File, Format Version 12.00
# Visual Studio Version 17
VisualStudioVersion = 17.11.35431.28
MinimumVisualStudioVersion = 10.0.40219.1
Project("{9A19103F-16F7-4668-BE54-9A1E7A4F7556}") = "PSPS.SharedLibrary", "..\PSBS.SharedLibrarySolution\PSPS.SharedLibrary\PSPS.SharedLibrary.csproj", "{B7EEFF28-1D0C-4EC5-AA76-28691F64FCBF}"
EndProject
Global
	GlobalSection(SolutionConfigurationPlatforms) = preSolution
		Debug|Any CPU = Debug|Any CPU
		Release|Any CPU = Release|Any CPU
	EndGlobalSection
	GlobalSection(ProjectConfigurationPlatforms) = postSolution
		{B7EEFF28-1D0C-4EC5-AA76-28691F64FCBF}.Debug|Any CPU.ActiveCfg = Debug|Any CPU
		{B7EEFF28-1D0C-4EC5-AA76-28691F64FCBF}.Debug|Any CPU.Build.0 = Debug|Any CPU
		{B7EEFF28-1D0C-4EC5-AA76-28691F64FCBF}.Release|Any CPU.ActiveCfg = Release|Any CPU
		{B7EEFF28-1D0C-4EC5-AA76-28691F64FCBF}.Release|Any CPU.Build.0 = Release|Any CPU
	EndGlobalSection
	GlobalSection(SolutionProperties) = preSolution
		HideSolutionNode = FALSE
	EndGlobalSection
	GlobalSection(ExtensibilityGlobals) = postSolution
		SolutionGuid = {CAB66D91-E4C8-4C0D-84BE-C2511A9F3888}
	EndGlobalSection
EndGlobal
