
Microsoft Visual Studio Solution File, Format Version 12.00
# Visual Studio Version 17
VisualStudioVersion = 17.11.35431.28
MinimumVisualStudioVersion = 10.0.40219.1
Project("{9A19103F-16F7-4668-BE54-9A1E7A4F7556}") = "PSPS.SharedLibrary", "..\PSBS.SharedLibrarySolution\PSPS.SharedLibrary\PSPS.SharedLibrary.csproj", "{4B8A7A2B-0EFF-49EB-BD13-3E0C7D08F701}"
EndProject
Project("{FAE04EC0-301F-11D3-BF4B-00C04F79EFBC}") = "PSBS.HealthCareApi.Application", "PSBS.HealthCareApi.Application\PSBS.HealthCareApi.Application.csproj", "{5DD5C17E-A595-4DC5-8859-EFA0C78F46AE}"
EndProject
Project("{FAE04EC0-301F-11D3-BF4B-00C04F79EFBC}") = "PSBS.HealthCareApi.Domain", "PSBS.HealthCareApi.Domain\PSBS.HealthCareApi.Domain.csproj", "{60182096-375E-407A-A62A-86CA27E6C845}"
EndProject
Project("{FAE04EC0-301F-11D3-BF4B-00C04F79EFBC}") = "PSBS.HealthCareApi.Infrastructure", "PSBS.HealthCareApi.Infrastructure\PSBS.HealthCareApi.Infrastructure.csproj", "{93845A9B-5F54-4B9E-A981-EB3856B0F97C}"
EndProject
Project("{FAE04EC0-301F-11D3-BF4B-00C04F79EFBC}") = "PSBS.HealthCareApi.Presentation", "PSBS.HealthCareApi.Presentation\PSBS.HealthCareApi.Presentation.csproj", "{F6B327B3-5DBE-4D65-AFA8-2E205F96F2AA}"
EndProject
Global
	GlobalSection(SolutionConfigurationPlatforms) = preSolution
		Debug|Any CPU = Debug|Any CPU
		Release|Any CPU = Release|Any CPU
	EndGlobalSection
	GlobalSection(ProjectConfigurationPlatforms) = postSolution
		{4B8A7A2B-0EFF-49EB-BD13-3E0C7D08F701}.Debug|Any CPU.ActiveCfg = Debug|Any CPU
		{4B8A7A2B-0EFF-49EB-BD13-3E0C7D08F701}.Debug|Any CPU.Build.0 = Debug|Any CPU
		{4B8A7A2B-0EFF-49EB-BD13-3E0C7D08F701}.Release|Any CPU.ActiveCfg = Release|Any CPU
		{4B8A7A2B-0EFF-49EB-BD13-3E0C7D08F701}.Release|Any CPU.Build.0 = Release|Any CPU
		{5DD5C17E-A595-4DC5-8859-EFA0C78F46AE}.Debug|Any CPU.ActiveCfg = Debug|Any CPU
		{5DD5C17E-A595-4DC5-8859-EFA0C78F46AE}.Debug|Any CPU.Build.0 = Debug|Any CPU
		{5DD5C17E-A595-4DC5-8859-EFA0C78F46AE}.Release|Any CPU.ActiveCfg = Release|Any CPU
		{5DD5C17E-A595-4DC5-8859-EFA0C78F46AE}.Release|Any CPU.Build.0 = Release|Any CPU
		{60182096-375E-407A-A62A-86CA27E6C845}.Debug|Any CPU.ActiveCfg = Debug|Any CPU
		{60182096-375E-407A-A62A-86CA27E6C845}.Debug|Any CPU.Build.0 = Debug|Any CPU
		{60182096-375E-407A-A62A-86CA27E6C845}.Release|Any CPU.ActiveCfg = Release|Any CPU
		{60182096-375E-407A-A62A-86CA27E6C845}.Release|Any CPU.Build.0 = Release|Any CPU
		{93845A9B-5F54-4B9E-A981-EB3856B0F97C}.Debug|Any CPU.ActiveCfg = Debug|Any CPU
		{93845A9B-5F54-4B9E-A981-EB3856B0F97C}.Debug|Any CPU.Build.0 = Debug|Any CPU
		{93845A9B-5F54-4B9E-A981-EB3856B0F97C}.Release|Any CPU.ActiveCfg = Release|Any CPU
		{93845A9B-5F54-4B9E-A981-EB3856B0F97C}.Release|Any CPU.Build.0 = Release|Any CPU
		{F6B327B3-5DBE-4D65-AFA8-2E205F96F2AA}.Debug|Any CPU.ActiveCfg = Debug|Any CPU
		{F6B327B3-5DBE-4D65-AFA8-2E205F96F2AA}.Debug|Any CPU.Build.0 = Debug|Any CPU
		{F6B327B3-5DBE-4D65-AFA8-2E205F96F2AA}.Release|Any CPU.ActiveCfg = Release|Any CPU
		{F6B327B3-5DBE-4D65-AFA8-2E205F96F2AA}.Release|Any CPU.Build.0 = Release|Any CPU
	EndGlobalSection
	GlobalSection(SolutionProperties) = preSolution
		HideSolutionNode = FALSE
	EndGlobalSection
	GlobalSection(ExtensibilityGlobals) = postSolution
		SolutionGuid = {90A301AB-49E0-4AA1-B337-B29E5074938C}
	EndGlobalSection
EndGlobal
