
Microsoft Visual Studio Solution File, Format Version 12.00
# Visual Studio Version 17
VisualStudioVersion = 17.11.35431.28
MinimumVisualStudioVersion = 10.0.40219.1
Project("{9A19103F-16F7-4668-BE54-9A1E7A4F7556}") = "PSPS.SharedLibrary", "..\PSBS.SharedLibrarySolution\PSPS.SharedLibrary\PSPS.SharedLibrary.csproj", "{6E86C36E-6490-41BA-9F52-39B29B70DB15}"
EndProject
Global
	GlobalSection(SolutionConfigurationPlatforms) = preSolution
		Debug|Any CPU = Debug|Any CPU
		Release|Any CPU = Release|Any CPU
	EndGlobalSection
	GlobalSection(ProjectConfigurationPlatforms) = postSolution
		{6E86C36E-6490-41BA-9F52-39B29B70DB15}.Debug|Any CPU.ActiveCfg = Debug|Any CPU
		{6E86C36E-6490-41BA-9F52-39B29B70DB15}.Debug|Any CPU.Build.0 = Debug|Any CPU
		{6E86C36E-6490-41BA-9F52-39B29B70DB15}.Release|Any CPU.ActiveCfg = Release|Any CPU
		{6E86C36E-6490-41BA-9F52-39B29B70DB15}.Release|Any CPU.Build.0 = Release|Any CPU
	EndGlobalSection
	GlobalSection(SolutionProperties) = preSolution
		HideSolutionNode = FALSE
	EndGlobalSection
	GlobalSection(ExtensibilityGlobals) = postSolution
		SolutionGuid = {62904C14-6FFC-4786-B482-A326ABD9623D}
	EndGlobalSection
EndGlobal
