
Microsoft Visual Studio Solution File, Format Version 12.00
# Visual Studio Version 17
VisualStudioVersion = 17.11.35431.28
MinimumVisualStudioVersion = 10.0.40219.1
Project("{9A19103F-16F7-4668-BE54-9A1E7A4F7556}") = "PSPS.Application", "AuthenticationAPI.Application\PSPS.Application.csproj", "{1377C935-6CCA-47C2-A483-AD473971B6B7}"
EndProject
Project("{9A19103F-16F7-4668-BE54-9A1E7A4F7556}") = "PSPS.Domain", "PSPS.Domain\PSPS.Domain.csproj", "{D7913628-A861-426B-AAE2-8B97F846C063}"
EndProject
Project("{9A19103F-16F7-4668-BE54-9A1E7A4F7556}") = "PSPS.Infrastructure", "PSPS.Infrastructure\PSPS.Infrastructure.csproj", "{8F5D96E7-2CF2-4F56-B4E1-D3A6BA2DB50E}"
EndProject
Project("{9A19103F-16F7-4668-BE54-9A1E7A4F7556}") = "PSPS.Presentation", "PSPS.Presentation\PSPS.Presentation.csproj", "{BA41C987-A260-4AAD-9FC5-E5192AB18FDD}"
EndProject
Project("{9A19103F-16F7-4668-BE54-9A1E7A4F7556}") = "PSPS.SharedLibrary", "..\..\PSBS.SharedLibrarySolution\PSPS.SharedLibrary\PSPS.SharedLibrary.csproj", "{C1FC3018-ADE3-492D-A9F4-ECB5B6DB85DA}"
EndProject
Global
	GlobalSection(SolutionConfigurationPlatforms) = preSolution
		Debug|Any CPU = Debug|Any CPU
		Release|Any CPU = Release|Any CPU
	EndGlobalSection
	GlobalSection(ProjectConfigurationPlatforms) = postSolution
		{1377C935-6CCA-47C2-A483-AD473971B6B7}.Debug|Any CPU.ActiveCfg = Release|Any CPU
		{1377C935-6CCA-47C2-A483-AD473971B6B7}.Debug|Any CPU.Build.0 = Release|Any CPU
		{1377C935-6CCA-47C2-A483-AD473971B6B7}.Release|Any CPU.ActiveCfg = Release|Any CPU
		{1377C935-6CCA-47C2-A483-AD473971B6B7}.Release|Any CPU.Build.0 = Release|Any CPU
		{D7913628-A861-426B-AAE2-8B97F846C063}.Debug|Any CPU.ActiveCfg = Release|Any CPU
		{D7913628-A861-426B-AAE2-8B97F846C063}.Debug|Any CPU.Build.0 = Release|Any CPU
		{D7913628-A861-426B-AAE2-8B97F846C063}.Release|Any CPU.ActiveCfg = Release|Any CPU
		{D7913628-A861-426B-AAE2-8B97F846C063}.Release|Any CPU.Build.0 = Release|Any CPU
		{8F5D96E7-2CF2-4F56-B4E1-D3A6BA2DB50E}.Debug|Any CPU.ActiveCfg = Release|Any CPU
		{8F5D96E7-2CF2-4F56-B4E1-D3A6BA2DB50E}.Debug|Any CPU.Build.0 = Release|Any CPU
		{8F5D96E7-2CF2-4F56-B4E1-D3A6BA2DB50E}.Release|Any CPU.ActiveCfg = Release|Any CPU
		{8F5D96E7-2CF2-4F56-B4E1-D3A6BA2DB50E}.Release|Any CPU.Build.0 = Release|Any CPU
		{BA41C987-A260-4AAD-9FC5-E5192AB18FDD}.Debug|Any CPU.ActiveCfg = Release|Any CPU
		{BA41C987-A260-4AAD-9FC5-E5192AB18FDD}.Debug|Any CPU.Build.0 = Release|Any CPU
		{BA41C987-A260-4AAD-9FC5-E5192AB18FDD}.Release|Any CPU.ActiveCfg = Release|Any CPU
		{BA41C987-A260-4AAD-9FC5-E5192AB18FDD}.Release|Any CPU.Build.0 = Release|Any CPU
		{C1FC3018-ADE3-492D-A9F4-ECB5B6DB85DA}.Debug|Any CPU.ActiveCfg = Debug|Any CPU
		{C1FC3018-ADE3-492D-A9F4-ECB5B6DB85DA}.Debug|Any CPU.Build.0 = Debug|Any CPU
		{C1FC3018-ADE3-492D-A9F4-ECB5B6DB85DA}.Release|Any CPU.ActiveCfg = Release|Any CPU
		{C1FC3018-ADE3-492D-A9F4-ECB5B6DB85DA}.Release|Any CPU.Build.0 = Release|Any CPU
	EndGlobalSection
	GlobalSection(SolutionProperties) = preSolution
		HideSolutionNode = FALSE
	EndGlobalSection
	GlobalSection(ExtensibilityGlobals) = postSolution
		SolutionGuid = {7B0BF0F7-B05B-49A7-B276-A4C7EEDBED4B}
	EndGlobalSection
EndGlobal
